
Microsoft Visual Studio Solution File, Format Version 12.00
# Visual Studio Version 17
VisualStudioVersion = 17.5.33414.496
MinimumVisualStudioVersion = 10.0.40219.1
Project("{00D1A9C2-B5F0-4AF3-8072-F6C62B433612}") = "Database", "Database\Database.sqlproj", "{6B45378A-F2D5-448F-908F-1BA085277E6F}"
EndProject
Project("{FAE04EC0-301F-11D3-BF4B-00C04F79EFBC}") = "ATCD.Backend.WebApp", "ATCD.Backend.WebApp\ATCD.Backend.WebApp.csproj", "{4CE7AD3B-4BAA-409A-9037-903F661073DF}"
EndProject
Project("{FAE04EC0-301F-11D3-BF4B-00C04F79EFBC}") = "ATCD.Backend.Business", "ATCD.Backend.Business\ATCD.Backend.Business.csproj", "{0B1D9D88-7365-48A0-A0AE-BDFBE521B957}"
EndProject
Project("{FAE04EC0-301F-11D3-BF4B-00C04F79EFBC}") = "ATCD.DataAccess.Entity", "ATCD.DataAccess.Entity\ATCD.DataAccess.Entity.csproj", "{08641AD9-B738-4AF7-914D-A3A89F16EED8}"
EndProject
Project("{FAE04EC0-301F-11D3-BF4B-00C04F79EFBC}") = "ATCD.DataAccess.Model", "ATCD.DataAccess.Model\ATCD.DataAccess.Model.csproj", "{7566A437-DF06-43F9-9BEF-4744EF255D5C}"
EndProject
Project("{FAE04EC0-301F-11D3-BF4B-00C04F79EFBC}") = "ATCD.DataAccess.Repository", "ATCD.DataAccess.Repository\ATCD.DataAccess.Repository.csproj", "{A4BC6CBC-216D-411E-A2A6-8AA93603743A}"
EndProject
Project("{FAE04EC0-301F-11D3-BF4B-00C04F79EFBC}") = "ATCD.Backend.Dto", "ATCD.Backend.Dto\ATCD.Backend.Dto.csproj", "{6065CC81-76DB-40D0-A80E-5E0C3556290D}"
EndProject
Global
	GlobalSection(SolutionConfigurationPlatforms) = preSolution
		Debug|Any CPU = Debug|Any CPU
		Release|Any CPU = Release|Any CPU
	EndGlobalSection
	GlobalSection(ProjectConfigurationPlatforms) = postSolution
		{6B45378A-F2D5-448F-908F-1BA085277E6F}.Debug|Any CPU.ActiveCfg = Debug|Any CPU
		{6B45378A-F2D5-448F-908F-1BA085277E6F}.Debug|Any CPU.Build.0 = Debug|Any CPU
		{6B45378A-F2D5-448F-908F-1BA085277E6F}.Debug|Any CPU.Deploy.0 = Debug|Any CPU
		{6B45378A-F2D5-448F-908F-1BA085277E6F}.Release|Any CPU.ActiveCfg = Release|Any CPU
		{6B45378A-F2D5-448F-908F-1BA085277E6F}.Release|Any CPU.Build.0 = Release|Any CPU
		{6B45378A-F2D5-448F-908F-1BA085277E6F}.Release|Any CPU.Deploy.0 = Release|Any CPU
		{4CE7AD3B-4BAA-409A-9037-903F661073DF}.Debug|Any CPU.ActiveCfg = Debug|Any CPU
		{4CE7AD3B-4BAA-409A-9037-903F661073DF}.Debug|Any CPU.Build.0 = Debug|Any CPU
		{4CE7AD3B-4BAA-409A-9037-903F661073DF}.Release|Any CPU.ActiveCfg = Release|Any CPU
		{4CE7AD3B-4BAA-409A-9037-903F661073DF}.Release|Any CPU.Build.0 = Release|Any CPU
		{0B1D9D88-7365-48A0-A0AE-BDFBE521B957}.Debug|Any CPU.ActiveCfg = Debug|Any CPU
		{0B1D9D88-7365-48A0-A0AE-BDFBE521B957}.Debug|Any CPU.Build.0 = Debug|Any CPU
		{0B1D9D88-7365-48A0-A0AE-BDFBE521B957}.Release|Any CPU.ActiveCfg = Release|Any CPU
		{0B1D9D88-7365-48A0-A0AE-BDFBE521B957}.Release|Any CPU.Build.0 = Release|Any CPU
		{08641AD9-B738-4AF7-914D-A3A89F16EED8}.Debug|Any CPU.ActiveCfg = Debug|Any CPU
		{08641AD9-B738-4AF7-914D-A3A89F16EED8}.Debug|Any CPU.Build.0 = Debug|Any CPU
		{08641AD9-B738-4AF7-914D-A3A89F16EED8}.Release|Any CPU.ActiveCfg = Release|Any CPU
		{08641AD9-B738-4AF7-914D-A3A89F16EED8}.Release|Any CPU.Build.0 = Release|Any CPU
		{7566A437-DF06-43F9-9BEF-4744EF255D5C}.Debug|Any CPU.ActiveCfg = Debug|Any CPU
		{7566A437-DF06-43F9-9BEF-4744EF255D5C}.Debug|Any CPU.Build.0 = Debug|Any CPU
		{7566A437-DF06-43F9-9BEF-4744EF255D5C}.Release|Any CPU.ActiveCfg = Release|Any CPU
		{7566A437-DF06-43F9-9BEF-4744EF255D5C}.Release|Any CPU.Build.0 = Release|Any CPU
		{A4BC6CBC-216D-411E-A2A6-8AA93603743A}.Debug|Any CPU.ActiveCfg = Debug|Any CPU
		{A4BC6CBC-216D-411E-A2A6-8AA93603743A}.Debug|Any CPU.Build.0 = Debug|Any CPU
		{A4BC6CBC-216D-411E-A2A6-8AA93603743A}.Release|Any CPU.ActiveCfg = Release|Any CPU
		{A4BC6CBC-216D-411E-A2A6-8AA93603743A}.Release|Any CPU.Build.0 = Release|Any CPU
		{6065CC81-76DB-40D0-A80E-5E0C3556290D}.Debug|Any CPU.ActiveCfg = Debug|Any CPU
		{6065CC81-76DB-40D0-A80E-5E0C3556290D}.Debug|Any CPU.Build.0 = Debug|Any CPU
		{6065CC81-76DB-40D0-A80E-5E0C3556290D}.Release|Any CPU.ActiveCfg = Release|Any CPU
		{6065CC81-76DB-40D0-A80E-5E0C3556290D}.Release|Any CPU.Build.0 = Release|Any CPU
	EndGlobalSection
	GlobalSection(SolutionProperties) = preSolution
		HideSolutionNode = FALSE
	EndGlobalSection
	GlobalSection(ExtensibilityGlobals) = postSolution
		SolutionGuid = {87EC75A7-E7FA-4650-883B-A65944B56A97}
	EndGlobalSection
EndGlobal
